{
  "meteor": {},
  "dependencies": {
    "basePackages": {
      "bootstrap3-datepicker": {},
      "moment": {},
      "bootstrap3-slider-touch": {}
    },
    "packages": {
      "bootstrap3-datepicker": {
        "git": "https://github.com/rajit/bootstrap3-datepicker.git",
        "tag": "v0.2.1",
        "commit": "442484eb1c8eb00c6b9e0e9c88accc934cf8f04a"
      },
      "moment": {
        "git": "https://github.com/acreeger/meteor-moment.git",
        "tag": "v2.6.0",
        "commit": "26156df681750fd6e6ed77043eef32b6653ebbdf"
      },
      "bootstrap3-slider-touch": {
        "git": "https://github.com/jcchin/meteor-bootstrap-slider-touch/",
        "tag": "v2.0.3",
        "commit": "3f8ce5ad2696fb80c337949890e2ded415ac3239"
      }
    }
  }
}
